
Microsoft Visual Studio Solution File, Format Version 12.00
# Visual Studio Version 17
VisualStudioVersion = 17.4.33205.214
MinimumVisualStudioVersion = 10.0.40219.1
Project("{8BC9CEB8-8B4A-11D0-8D11-00A0C91BC942}") = "disasmtest", "disasmtest\disasmtest.vcxproj", "{A2730A5A-A3CE-45AB-A578-E0F907F5B1CB}"
EndProject
Global
	GlobalSection(SolutionConfigurationPlatforms) = preSolution
		Debug|Win32 = Debug|Win32
		Debug|x64 = Debug|x64
		Release|Win32 = Release|Win32
		Release|x64 = Release|x64
	EndGlobalSection
	GlobalSection(ProjectConfigurationPlatforms) = postSolution
		{A2730A5A-A3CE-45AB-A578-E0F907F5B1CB}.Debug|Win32.ActiveCfg = Debug|Win32
		{A2730A5A-A3CE-45AB-A578-E0F907F5B1CB}.Debug|Win32.Build.0 = Debug|Win32
		{A2730A5A-A3CE-45AB-A578-E0F907F5B1CB}.Debug|x64.ActiveCfg = Debug|x64
		{A2730A5A-A3CE-45AB-A578-E0F907F5B1CB}.Debug|x64.Build.0 = Debug|x64
		{A2730A5A-A3CE-45AB-A578-E0F907F5B1CB}.Release|Win32.ActiveCfg = Release|Win32
		{A2730A5A-A3CE-45AB-A578-E0F907F5B1CB}.Release|Win32.Build.0 = Release|Win32
		{A2730A5A-A3CE-45AB-A578-E0F907F5B1CB}.Release|x64.ActiveCfg = Release|x64
		{A2730A5A-A3CE-45AB-A578-E0F907F5B1CB}.Release|x64.Build.0 = Release|x64
	EndGlobalSection
	GlobalSection(SolutionProperties) = preSolution
		HideSolutionNode = FALSE
	EndGlobalSection
	GlobalSection(ExtensibilityGlobals) = postSolution
		SolutionGuid = {E5F43B2F-2498-4D3A-8920-8A51F851F7D5}
	EndGlobalSection
EndGlobal
